
Microsoft Visual Studio Solution File, Format Version 12.00
# Visual Studio 15
VisualStudioVersion = 15.0.27703.2035
MinimumVisualStudioVersion = 10.0.40219.1
Project("{FAE04EC0-301F-11D3-BF4B-00C04F79EFBC}") = "LoopThroughAListInMvcView", "WebApplication3\LoopThroughAListInMvcView.csproj", "{3EBC7FED-325E-4C52-9FE1-18940BF15E48}"
EndProject
Global
	GlobalSection(SolutionConfigurationPlatforms) = preSolution
		Debug|Any CPU = Debug|Any CPU
		Release|Any CPU = Release|Any CPU
	EndGlobalSection
	GlobalSection(ProjectConfigurationPlatforms) = postSolution
		{3EBC7FED-325E-4C52-9FE1-18940BF15E48}.Debug|Any CPU.ActiveCfg = Debug|Any CPU
		{3EBC7FED-325E-4C52-9FE1-18940BF15E48}.Debug|Any CPU.Build.0 = Debug|Any CPU
		{3EBC7FED-325E-4C52-9FE1-18940BF15E48}.Release|Any CPU.ActiveCfg = Release|Any CPU
		{3EBC7FED-325E-4C52-9FE1-18940BF15E48}.Release|Any CPU.Build.0 = Release|Any CPU
	EndGlobalSection
	GlobalSection(SolutionProperties) = preSolution
		HideSolutionNode = FALSE
	EndGlobalSection
	GlobalSection(ExtensibilityGlobals) = postSolution
		SolutionGuid = {5B37C48C-D575-4048-B424-FFDE5D54CAD2}
	EndGlobalSection
EndGlobal
